
Microsoft Visual Studio Solution File, Format Version 12.00
# Visual Studio Version 16
VisualStudioVersion = 16.0.30330.147
MinimumVisualStudioVersion = 10.0.40219.1
Project("{FAE04EC0-301F-11D3-BF4B-00C04F79EFBC}") = "Numero a Literal", "Numero a Literal\Numero a Literal.csproj", "{5EBEC179-EFF2-4F12-88F1-EBEBAF541E4B}"
EndProject
Project("{FAE04EC0-301F-11D3-BF4B-00C04F79EFBC}") = "UnitTestLiteral", "UnitTestLiteral\UnitTestLiteral.csproj", "{57421975-1BA8-4F3D-B69A-A887AEC0F128}"
EndProject
Global
	GlobalSection(SolutionConfigurationPlatforms) = preSolution
		Debug|Any CPU = Debug|Any CPU
		Release|Any CPU = Release|Any CPU
	EndGlobalSection
	GlobalSection(ProjectConfigurationPlatforms) = postSolution
		{5EBEC179-EFF2-4F12-88F1-EBEBAF541E4B}.Debug|Any CPU.ActiveCfg = Debug|Any CPU
		{5EBEC179-EFF2-4F12-88F1-EBEBAF541E4B}.Debug|Any CPU.Build.0 = Debug|Any CPU
		{5EBEC179-EFF2-4F12-88F1-EBEBAF541E4B}.Release|Any CPU.ActiveCfg = Release|Any CPU
		{5EBEC179-EFF2-4F12-88F1-EBEBAF541E4B}.Release|Any CPU.Build.0 = Release|Any CPU
		{57421975-1BA8-4F3D-B69A-A887AEC0F128}.Debug|Any CPU.ActiveCfg = Debug|Any CPU
		{57421975-1BA8-4F3D-B69A-A887AEC0F128}.Debug|Any CPU.Build.0 = Debug|Any CPU
		{57421975-1BA8-4F3D-B69A-A887AEC0F128}.Release|Any CPU.ActiveCfg = Release|Any CPU
		{57421975-1BA8-4F3D-B69A-A887AEC0F128}.Release|Any CPU.Build.0 = Release|Any CPU
	EndGlobalSection
	GlobalSection(SolutionProperties) = preSolution
		HideSolutionNode = FALSE
	EndGlobalSection
	GlobalSection(ExtensibilityGlobals) = postSolution
		SolutionGuid = {24E4885C-38F4-4E3B-9418-FA82C7793DFC}
	EndGlobalSection
EndGlobal
